
Microsoft Visual Studio Solution File, Format Version 12.00
# Visual Studio 15
VisualStudioVersion = 15.0.33801.198
MinimumVisualStudioVersion = 10.0.40219.1
Project("{FAE04EC0-301F-11D3-BF4B-00C04F79EFBC}") = "PrintingTechiques", "PrintInvoice\PrintingTechiques.csproj", "{099B3C3E-C02F-48BF-9E92-AABFD2285DCF}"
EndProject
Global
	GlobalSection(SolutionConfigurationPlatforms) = preSolution
		Debug|Any CPU = Debug|Any CPU
		Release|Any CPU = Release|Any CPU
	EndGlobalSection
	GlobalSection(ProjectConfigurationPlatforms) = postSolution
		{099B3C3E-C02F-48BF-9E92-AABFD2285DCF}.Debug|Any CPU.ActiveCfg = Debug|Any CPU
		{099B3C3E-C02F-48BF-9E92-AABFD2285DCF}.Debug|Any CPU.Build.0 = Debug|Any CPU
		{099B3C3E-C02F-48BF-9E92-AABFD2285DCF}.Release|Any CPU.ActiveCfg = Release|Any CPU
		{099B3C3E-C02F-48BF-9E92-AABFD2285DCF}.Release|Any CPU.Build.0 = Release|Any CPU
	EndGlobalSection
	GlobalSection(SolutionProperties) = preSolution
		HideSolutionNode = FALSE
	EndGlobalSection
	GlobalSection(ExtensibilityGlobals) = postSolution
		SolutionGuid = {56F00DB6-A491-428F-B5A4-23F416A5AA75}
	EndGlobalSection
EndGlobal
